// !$*UTF8*$!
{
	archiveVersion = 1;
	classes = {
	};
	objectVersion = 46;
	objects = {

/* Begin PBXFileReference section */
		29218B301955A79D00E33CC5 /* !cons.bat */ = {isa = PBXFileReference; lastKnownFileType = text; path = "!cons.bat"; sourceTree = "<group>"; };
		29218B311955A79D00E33CC5 /* alloca.asm */ = {isa = PBXFileReference; lastKnownFileType = sourcecode.asm.asm; path = alloca.asm; sourceTree = "<group>"; };
		29218B321955A79D00E33CC5 /* asmhead.asm */ = {isa = PBXFileReference; lastKnownFileType = sourcecode.asm.asm; path = asmhead.asm; sourceTree = "<group>"; };
		29218B331955A79D00E33CC5 /* asmhead.h */ = {isa = PBXFileReference; lastKnownFileType = sourcecode.c.h; path = asmhead.h; sourceTree = "<group>"; };
		29218B341955A79D00E33CC5 /* bmp.h */ = {isa = PBXFileReference; lastKnownFileType = sourcecode.c.h; path = bmp.h; sourceTree = "<group>"; };
		29218B351955A79D00E33CC5 /* bmp.obj */ = {isa = PBXFileReference; lastKnownFileType = file; path = bmp.obj; sourceTree = "<group>"; };
		29218B361955A79D00E33CC5 /* bootpack.cpp */ = {isa = PBXFileReference; lastKnownFileType = sourcecode.cpp.cpp; path = bootpack.cpp; sourceTree = "<group>"; };
		29218B371955A79D00E33CC5 /* browser.cpp */ = {isa = PBXFileReference; lastKnownFileType = sourcecode.cpp.cpp; path = browser.cpp; sourceTree = "<group>"; };
		29218B381955A79D00E33CC5 /* browser.h */ = {isa = PBXFileReference; lastKnownFileType = sourcecode.c.h; path = browser.h; sourceTree = "<group>"; };
		29218B391955A79D00E33CC5 /* datetime.cpp */ = {isa = PBXFileReference; lastKnownFileType = sourcecode.cpp.cpp; path = datetime.cpp; sourceTree = "<group>"; };
		29218B3A1955A79D00E33CC5 /* datetime.h */ = {isa = PBXFileReference; lastKnownFileType = sourcecode.c.h; path = datetime.h; sourceTree = "<group>"; };
		29218B3B1955A79D00E33CC5 /* descriptor.cpp */ = {isa = PBXFileReference; lastKnownFileType = sourcecode.cpp.cpp; path = descriptor.cpp; sourceTree = "<group>"; };
		29218B3C1955A79D00E33CC5 /* descriptor.h */ = {isa = PBXFileReference; lastKnownFileType = sourcecode.c.h; path = descriptor.h; sourceTree = "<group>"; };
		29218B3D1955A79D00E33CC5 /* file.cpp */ = {isa = PBXFileReference; lastKnownFileType = sourcecode.cpp.cpp; path = file.cpp; sourceTree = "<group>"; };
		29218B3E1955A79D00E33CC5 /* file.h */ = {isa = PBXFileReference; lastKnownFileType = sourcecode.c.h; path = file.h; sourceTree = "<group>"; };
		29218B3F1955A79D00E33CC5 /* file_old.cpp */ = {isa = PBXFileReference; lastKnownFileType = sourcecode.cpp.cpp; path = file_old.cpp; sourceTree = "<group>"; };
		29218B401955A79D00E33CC5 /* file_old.h */ = {isa = PBXFileReference; lastKnownFileType = sourcecode.c.h; path = file_old.h; sourceTree = "<group>"; };
		29218B411955A79D00E33CC5 /* functions.asm */ = {isa = PBXFileReference; lastKnownFileType = sourcecode.asm.asm; path = functions.asm; sourceTree = "<group>"; };
		29218B421955A79D00E33CC5 /* functions.h */ = {isa = PBXFileReference; lastKnownFileType = sourcecode.c.h; path = functions.h; sourceTree = "<group>"; };
		29218B431955A79D00E33CC5 /* graphic.cpp */ = {isa = PBXFileReference; lastKnownFileType = sourcecode.cpp.cpp; path = graphic.cpp; sourceTree = "<group>"; };
		29218B441955A79D00E33CC5 /* graphic.h */ = {isa = PBXFileReference; lastKnownFileType = sourcecode.c.h; path = graphic.h; sourceTree = "<group>"; };
		29218B451955A79D00E33CC5 /* headers.h */ = {isa = PBXFileReference; lastKnownFileType = sourcecode.c.h; path = headers.h; sourceTree = "<group>"; };
		29218B461955A79D00E33CC5 /* htmlparser.cpp */ = {isa = PBXFileReference; lastKnownFileType = sourcecode.cpp.cpp; path = htmlparser.cpp; sourceTree = "<group>"; };
		29218B471955A79D00E33CC5 /* int.cpp */ = {isa = PBXFileReference; lastKnownFileType = sourcecode.cpp.cpp; path = int.cpp; sourceTree = "<group>"; };
		29218B481955A79D00E33CC5 /* int.h */ = {isa = PBXFileReference; lastKnownFileType = sourcecode.c.h; path = int.h; sourceTree = "<group>"; };
		29218B491955A79D00E33CC5 /* ipl.asm */ = {isa = PBXFileReference; lastKnownFileType = sourcecode.asm.asm; path = ipl.asm; sourceTree = "<group>"; };
		29218B4A1955A79D00E33CC5 /* jpeg.h */ = {isa = PBXFileReference; lastKnownFileType = sourcecode.c.h; path = jpeg.h; sourceTree = "<group>"; };
		29218B4B1955A79D00E33CC5 /* jpeg.obj */ = {isa = PBXFileReference; lastKnownFileType = file; path = jpeg.obj; sourceTree = "<group>"; };
		29218B4C1955A79D00E33CC5 /* keyboard.cpp */ = {isa = PBXFileReference; lastKnownFileType = sourcecode.cpp.cpp; path = keyboard.cpp; sourceTree = "<group>"; };
		29218B4D1955A79D00E33CC5 /* keyboard.h */ = {isa = PBXFileReference; lastKnownFileType = sourcecode.c.h; path = keyboard.h; sourceTree = "<group>"; };
		29218B4E1955A79D00E33CC5 /* language.h */ = {isa = PBXFileReference; lastKnownFileType = sourcecode.c.h; path = language.h; sourceTree = "<group>"; };
		29218B4F1955A79D00E33CC5 /* make.bat */ = {isa = PBXFileReference; lastKnownFileType = text; path = make.bat; sourceTree = "<group>"; };
		29218B501955A79D00E33CC5 /* Makefile */ = {isa = PBXFileReference; lastKnownFileType = sourcecode.make; path = Makefile; sourceTree = "<group>"; };
		29218B511955A79D00E33CC5 /* Makefile_win */ = {isa = PBXFileReference; lastKnownFileType = text; path = Makefile_win; sourceTree = "<group>"; };
		29218B521955A79D00E33CC5 /* memory.cpp */ = {isa = PBXFileReference; lastKnownFileType = sourcecode.cpp.cpp; path = memory.cpp; sourceTree = "<group>"; };
		29218B531955A79D00E33CC5 /* memory.h */ = {isa = PBXFileReference; lastKnownFileType = sourcecode.c.h; path = memory.h; sourceTree = "<group>"; };
		29218B541955A79D00E33CC5 /* mouse.cpp */ = {isa = PBXFileReference; lastKnownFileType = sourcecode.cpp.cpp; path = mouse.cpp; sourceTree = "<group>"; };
		29218B551955A79D00E33CC5 /* mouse.h */ = {isa = PBXFileReference; lastKnownFileType = sourcecode.c.h; path = mouse.h; sourceTree = "<group>"; };
		29218B561955A79D00E33CC5 /* multitask.cpp */ = {isa = PBXFileReference; lastKnownFileType = sourcecode.cpp.cpp; path = multitask.cpp; sourceTree = "<group>"; };
		29218B571955A79D00E33CC5 /* multitask.h */ = {isa = PBXFileReference; lastKnownFileType = sourcecode.c.h; path = multitask.h; sourceTree = "<group>"; };
		29218B581955A79D00E33CC5 /* obj2hrb.ld */ = {isa = PBXFileReference; lastKnownFileType = text; path = obj2hrb.ld; sourceTree = "<group>"; };
		29218B591955A79D00E33CC5 /* queue.cpp */ = {isa = PBXFileReference; lastKnownFileType = sourcecode.cpp.cpp; path = queue.cpp; sourceTree = "<group>"; };
		29218B5A1955A79D00E33CC5 /* queue.h */ = {isa = PBXFileReference; lastKnownFileType = sourcecode.c.h; path = queue.h; sourceTree = "<group>"; };
		29218B5B1955A79D00E33CC5 /* sound.cpp */ = {isa = PBXFileReference; lastKnownFileType = sourcecode.cpp.cpp; path = sound.cpp; sourceTree = "<group>"; };
		29218B5C1955A79D00E33CC5 /* sound.h */ = {isa = PBXFileReference; lastKnownFileType = sourcecode.c.h; path = sound.h; sourceTree = "<group>"; };
		29218B5D1955A79D00E33CC5 /* tek.cpp */ = {isa = PBXFileReference; lastKnownFileType = sourcecode.cpp.cpp; path = tek.cpp; sourceTree = "<group>"; };
		29218B5E1955A79D00E33CC5 /* tek.h */ = {isa = PBXFileReference; lastKnownFileType = sourcecode.c.h; path = tek.h; sourceTree = "<group>"; };
		29218B5F1955A79D00E33CC5 /* timer.cpp */ = {isa = PBXFileReference; lastKnownFileType = sourcecode.cpp.cpp; path = timer.cpp; sourceTree = "<group>"; };
		29218B601955A79D00E33CC5 /* timer.h */ = {isa = PBXFileReference; lastKnownFileType = sourcecode.c.h; path = timer.h; sourceTree = "<group>"; };
		29218B611955A79D00E33CC5 /* utf82kt.cpp */ = {isa = PBXFileReference; lastKnownFileType = sourcecode.cpp.cpp; path = utf82kt.cpp; sourceTree = "<group>"; };
		29218B621955A79D00E33CC5 /* utf82kt.h */ = {isa = PBXFileReference; lastKnownFileType = sourcecode.c.h; path = utf82kt.h; sourceTree = "<group>"; };
/* End PBXFileReference section */

/* Begin PBXGroup section */
		29218B241955A71A00E33CC5 = {
			isa = PBXGroup;
			children = (
				29218B2F1955A79D00E33CC5 /* system */,
			);
			sourceTree = "<group>";
		};
		29218B2F1955A79D00E33CC5 /* system */ = {
			isa = PBXGroup;
			children = (
				29218B301955A79D00E33CC5 /* !cons.bat */,
				29218B311955A79D00E33CC5 /* alloca.asm */,
				29218B321955A79D00E33CC5 /* asmhead.asm */,
				29218B331955A79D00E33CC5 /* asmhead.h */,
				29218B341955A79D00E33CC5 /* bmp.h */,
				29218B351955A79D00E33CC5 /* bmp.obj */,
				29218B361955A79D00E33CC5 /* bootpack.cpp */,
				29218B371955A79D00E33CC5 /* browser.cpp */,
				29218B381955A79D00E33CC5 /* browser.h */,
				29218B391955A79D00E33CC5 /* datetime.cpp */,
				29218B3A1955A79D00E33CC5 /* datetime.h */,
				29218B3B1955A79D00E33CC5 /* descriptor.cpp */,
				29218B3C1955A79D00E33CC5 /* descriptor.h */,
				29218B3D1955A79D00E33CC5 /* file.cpp */,
				29218B3E1955A79D00E33CC5 /* file.h */,
				29218B3F1955A79D00E33CC5 /* file_old.cpp */,
				29218B401955A79D00E33CC5 /* file_old.h */,
				29218B411955A79D00E33CC5 /* functions.asm */,
				29218B421955A79D00E33CC5 /* functions.h */,
				29218B431955A79D00E33CC5 /* graphic.cpp */,
				29218B441955A79D00E33CC5 /* graphic.h */,
				29218B451955A79D00E33CC5 /* headers.h */,
				29218B461955A79D00E33CC5 /* htmlparser.cpp */,
				29218B471955A79D00E33CC5 /* int.cpp */,
				29218B481955A79D00E33CC5 /* int.h */,
				29218B491955A79D00E33CC5 /* ipl.asm */,
				29218B4A1955A79D00E33CC5 /* jpeg.h */,
				29218B4B1955A79D00E33CC5 /* jpeg.obj */,
				29218B4C1955A79D00E33CC5 /* keyboard.cpp */,
				29218B4D1955A79D00E33CC5 /* keyboard.h */,
				29218B4E1955A79D00E33CC5 /* language.h */,
				29218B4F1955A79D00E33CC5 /* make.bat */,
				29218B501955A79D00E33CC5 /* Makefile */,
				29218B511955A79D00E33CC5 /* Makefile_win */,
				29218B521955A79D00E33CC5 /* memory.cpp */,
				29218B531955A79D00E33CC5 /* memory.h */,
				29218B541955A79D00E33CC5 /* mouse.cpp */,
				29218B551955A79D00E33CC5 /* mouse.h */,
				29218B561955A79D00E33CC5 /* multitask.cpp */,
				29218B571955A79D00E33CC5 /* multitask.h */,
				29218B581955A79D00E33CC5 /* obj2hrb.ld */,
				29218B591955A79D00E33CC5 /* queue.cpp */,
				29218B5A1955A79D00E33CC5 /* queue.h */,
				29218B5B1955A79D00E33CC5 /* sound.cpp */,
				29218B5C1955A79D00E33CC5 /* sound.h */,
				29218B5D1955A79D00E33CC5 /* tek.cpp */,
				29218B5E1955A79D00E33CC5 /* tek.h */,
				29218B5F1955A79D00E33CC5 /* timer.cpp */,
				29218B601955A79D00E33CC5 /* timer.h */,
				29218B611955A79D00E33CC5 /* utf82kt.cpp */,
				29218B621955A79D00E33CC5 /* utf82kt.h */,
			);
			path = system;
			sourceTree = "<group>";
		};
/* End PBXGroup section */

/* Begin PBXLegacyTarget section */
		29218B291955A71A00E33CC5 /* cloumo */ = {
			isa = PBXLegacyTarget;
			buildArgumentsString = "$(ACTION)";
			buildConfigurationList = 29218B2C1955A71A00E33CC5 /* Build configuration list for PBXLegacyTarget "cloumo" */;
			buildPhases = (
			);
			buildToolPath = /usr/bin/make;
			dependencies = (
			);
			name = cloumo;
			passBuildSettingsInEnvironment = 1;
			productName = cloumo;
		};
/* End PBXLegacyTarget section */

/* Begin PBXProject section */
		29218B251955A71A00E33CC5 /* Project object */ = {
			isa = PBXProject;
			attributes = {
				LastUpgradeCheck = 0600;
				ORGANIZATIONNAME = "Kenta Kubo";
				TargetAttributes = {
					29218B291955A71A00E33CC5 = {
						CreatedOnToolsVersion = 6.0;
					};
				};
			};
			buildConfigurationList = 29218B281955A71A00E33CC5 /* Build configuration list for PBXProject "cloumo" */;
			compatibilityVersion = "Xcode 3.2";
			developmentRegion = English;
			hasScannedForEncodings = 0;
			knownRegions = (
				en,
			);
			mainGroup = 29218B241955A71A00E33CC5;
			projectDirPath = "";
			projectRoot = "";
			targets = (
				29218B291955A71A00E33CC5 /* cloumo */,
			);
		};
/* End PBXProject section */

/* Begin XCBuildConfiguration section */
		29218B2A1955A71A00E33CC5 /* Debug */ = {
			isa = XCBuildConfiguration;
			buildSettings = {
				ALWAYS_SEARCH_USER_PATHS = NO;
				CLANG_CXX_LANGUAGE_STANDARD = "gnu++0x";
				CLANG_CXX_LIBRARY = "libc++";
				CLANG_ENABLE_MODULES = YES;
				CLANG_ENABLE_OBJC_ARC = YES;
				CLANG_WARN_BOOL_CONVERSION = YES;
				CLANG_WARN_CONSTANT_CONVERSION = YES;
				CLANG_WARN_DIRECT_OBJC_ISA_USAGE = YES_ERROR;
				CLANG_WARN_EMPTY_BODY = YES;
				CLANG_WARN_ENUM_CONVERSION = YES;
				CLANG_WARN_INT_CONVERSION = YES;
				CLANG_WARN_OBJC_ROOT_CLASS = YES_ERROR;
				CLANG_WARN_UNREACHABLE_CODE = YES;
				CLANG_WARN__DUPLICATE_METHOD_MATCH = YES;
				COPY_PHASE_STRIP = NO;
				ENABLE_STRICT_OBJC_MSGSEND = YES;
				GCC_C_LANGUAGE_STANDARD = gnu99;
				GCC_DYNAMIC_NO_PIC = NO;
				GCC_OPTIMIZATION_LEVEL = 0;
				GCC_PREPROCESSOR_DEFINITIONS = (
					"DEBUG=1",
					"$(inherited)",
				);
				GCC_SYMBOLS_PRIVATE_EXTERN = NO;
				GCC_WARN_64_TO_32_BIT_CONVERSION = YES;
				GCC_WARN_ABOUT_RETURN_TYPE = YES_ERROR;
				GCC_WARN_UNDECLARED_SELECTOR = YES;
				GCC_WARN_UNINITIALIZED_AUTOS = YES_AGGRESSIVE;
				GCC_WARN_UNUSED_FUNCTION = YES;
				GCC_WARN_UNUSED_VARIABLE = YES;
				MACOSX_DEPLOYMENT_TARGET = 10.10;
				METAL_ENABLE_DEBUG_INFO = YES;
				ONLY_ACTIVE_ARCH = YES;
				SDKROOT = macosx;
			};
			name = Debug;
		};
		29218B2B1955A71A00E33CC5 /* Release */ = {
			isa = XCBuildConfiguration;
			buildSettings = {
				ALWAYS_SEARCH_USER_PATHS = NO;
				CLANG_CXX_LANGUAGE_STANDARD = "gnu++0x";
				CLANG_CXX_LIBRARY = "libc++";
				CLANG_ENABLE_MODULES = YES;
				CLANG_ENABLE_OBJC_ARC = YES;
				CLANG_WARN_BOOL_CONVERSION = YES;
				CLANG_WARN_CONSTANT_CONVERSION = YES;
				CLANG_WARN_DIRECT_OBJC_ISA_USAGE = YES_ERROR;
				CLANG_WARN_EMPTY_BODY = YES;
				CLANG_WARN_ENUM_CONVERSION = YES;
				CLANG_WARN_INT_CONVERSION = YES;
				CLANG_WARN_OBJC_ROOT_CLASS = YES_ERROR;
				CLANG_WARN_UNREACHABLE_CODE = YES;
				CLANG_WARN__DUPLICATE_METHOD_MATCH = YES;
				COPY_PHASE_STRIP = YES;
				DEBUG_INFORMATION_FORMAT = "dwarf-with-dsym";
				ENABLE_NS_ASSERTIONS = NO;
				ENABLE_STRICT_OBJC_MSGSEND = YES;
				GCC_C_LANGUAGE_STANDARD = gnu99;
				GCC_WARN_64_TO_32_BIT_CONVERSION = YES;
				GCC_WARN_ABOUT_RETURN_TYPE = YES_ERROR;
				GCC_WARN_UNDECLARED_SELECTOR = YES;
				GCC_WARN_UNINITIALIZED_AUTOS = YES_AGGRESSIVE;
				GCC_WARN_UNUSED_FUNCTION = YES;
				GCC_WARN_UNUSED_VARIABLE = YES;
				MACOSX_DEPLOYMENT_TARGET = 10.10;
				METAL_ENABLE_DEBUG_INFO = NO;
				SDKROOT = macosx;
			};
			name = Release;
		};
		29218B2D1955A71A00E33CC5 /* Debug */ = {
			isa = XCBuildConfiguration;
			buildSettings = {
				DEBUGGING_SYMBOLS = YES;
				GCC_GENERATE_DEBUGGING_SYMBOLS = YES;
				GCC_OPTIMIZATION_LEVEL = 0;
				OTHER_CFLAGS = "";
				OTHER_LDFLAGS = "";
				PRODUCT_NAME = "$(TARGET_NAME)";
			};
			name = Debug;
		};
		29218B2E1955A71A00E33CC5 /* Release */ = {
			isa = XCBuildConfiguration;
			buildSettings = {
				OTHER_CFLAGS = "";
				OTHER_LDFLAGS = "";
				PRODUCT_NAME = "$(TARGET_NAME)";
			};
			name = Release;
		};
/* End XCBuildConfiguration section */

/* Begin XCConfigurationList section */
		29218B281955A71A00E33CC5 /* Build configuration list for PBXProject "cloumo" */ = {
			isa = XCConfigurationList;
			buildConfigurations = (
				29218B2A1955A71A00E33CC5 /* Debug */,
				29218B2B1955A71A00E33CC5 /* Release */,
			);
			defaultConfigurationIsVisible = 0;
			defaultConfigurationName = Release;
		};
		29218B2C1955A71A00E33CC5 /* Build configuration list for PBXLegacyTarget "cloumo" */ = {
			isa = XCConfigurationList;
			buildConfigurations = (
				29218B2D1955A71A00E33CC5 /* Debug */,
				29218B2E1955A71A00E33CC5 /* Release */,
			);
			defaultConfigurationIsVisible = 0;
		};
/* End XCConfigurationList section */
	};
	rootObject = 29218B251955A71A00E33CC5 /* Project object */;
}
